{
  "formatVersion": "0.1.0-draft.3",
  "kind": "LibraryLock",
  "resolution": {
    "policy": "flat-library:0.1.0-draft.2",
    "profile": "local-library",
    "requiredCapabilities": [
      "dsse-ed25519",
      "local-directory",
      "tuf-1.0.36"
    ]
  },
  "graph": {
    "root": {
      "packagePath": "example.com/finance/loan-rules",
      "version": "1.0.0"
    },
    "nodes": [
      {
        "release": {
          "packagePath": "example.com/finance/loan-rules",
          "version": "1.0.0"
        },
        "irPackageName": "example/loan-rules",
        "manifestDigest": "sha256:23bbfeda3a3539a0a27546f5e261c4b325c3484327157898f0c54cbe36a8c9c2",
        "contentDigest": "sha256:345706de972523b65c8711a4367d61f143035770145519576aeaaf18733d874e",
        "bindings": [
          {
            "irPackageName": "example/eligibility",
            "target": {
              "packagePath": "example.com/finance/eligibility",
              "version": "1.2.0"
            }
          }
        ]
      },
      {
        "release": {
          "packagePath": "example.com/finance/eligibility",
          "version": "1.2.0"
        },
        "irPackageName": "example/eligibility",
        "manifestDigest": "sha256:7441f6bc460eeded5a5c5a286d07256fd0eaaca93bcb1fe8ea97c8dcd920532c",
        "contentDigest": "sha256:5922bc8860f6cd008b9cda341be7f3a776ea332e63261392e94c17e19a647886",
        "bindings": []
      }
    ]
  },
  "registries": [
    {
      "id": "finance",
      "snapshot": "finance-snapshot"
    }
  ],
  "acquisitions": [
    {
      "release": {
        "packagePath": "example.com/finance/eligibility",
        "version": "1.2.0"
      },
      "registry": "finance",
      "record": {
        "path": "records/eligibility-1.2.0.json",
        "digest": "sha256:3b8065de6416cd51ac9a3ce684110e523bce2efb700276bbda8b0fb633ced251"
      },
      "source": {
        "kind": "registry-directory",
        "path": "bundles/5922bc8860f6cd008b9cda341be7f3a776ea332e63261392e94c17e19a647886"
      },
      "statement": "eligibility-statement"
    },
    {
      "release": {
        "packagePath": "example.com/finance/loan-rules",
        "version": "1.0.0"
      },
      "registry": "finance",
      "record": {
        "path": "records/loan-rules-1.0.0.json",
        "digest": "sha256:35657eeeb56fe90fcd8caf026695fe510c7bdad2118590109403c27b8fd6eaf0"
      },
      "source": {
        "kind": "registry-directory",
        "path": "bundles/345706de972523b65c8711a4367d61f143035770145519576aeaaf18733d874e"
      },
      "statement": "loan-rules-statement"
    }
  ],
  "evidence": [
    {
      "id": "eligibility-statement",
      "registry": "finance",
      "kind": "release-statement",
      "path": "statements/eligibility-1.2.0.json",
      "digest": "sha256:4a269a16e2565353d152d233333b80add72b29651e6b13308c922628eb9efcb1"
    },
    {
      "id": "finance-root",
      "registry": "finance",
      "kind": "tuf-root",
      "path": "metadata/1.root.json",
      "digest": "sha256:655cacea8dc5a51e17a82f0c6c9065fadeef995edde1414bb93980b8f68b8c8a"
    },
    {
      "id": "finance-snapshot",
      "registry": "finance",
      "kind": "tuf-snapshot",
      "path": "metadata/1.snapshot.json",
      "digest": "sha256:8e77cde272b228a6c84293566ceefa4d3fa7c32c0e3b66e9524eb28763388bdb"
    },
    {
      "id": "finance-targets",
      "registry": "finance",
      "kind": "tuf-targets",
      "path": "metadata/1.targets.json",
      "digest": "sha256:6a496fd6feba6be5e02a5b81fa8b70ab5f4e87469d3a09aa1522882d07fc1898"
    },
    {
      "id": "finance-timestamp",
      "registry": "finance",
      "kind": "tuf-timestamp",
      "path": "metadata/1.timestamp.json",
      "digest": "sha256:86a1dc9216e9bf51c7f077b59af785d38796c1c21d55c3faa8b7311571003bc0"
    },
    {
      "id": "loan-rules-statement",
      "registry": "finance",
      "kind": "release-statement",
      "path": "statements/loan-rules-1.0.0.json",
      "digest": "sha256:abef7639162c3cb96cf6df5aa87aa46ef63d3c0d171719b3445d4d0f8d05494a"
    }
  ]
}
