
Microsoft Visual Studio Solution File, Format Version 12.00
# Visual Studio Version 17
VisualStudioVersion = 17.0.31903.59
MinimumVisualStudioVersion = 10.0.40219.1
Project("{F2A71F9B-5D33-465A-A702-920D77279786}") = "build", "build\build.fsproj", "{A023303A-DEAF-4BAA-97B9-B83F6D06CC3D}"
EndProject
Project("{2150E333-8FDC-42A3-9474-1A3956D46DE8}") = "modules", "modules", "{29607944-5EE0-4755-81D8-FB5D8AA89CF1}"
EndProject
Project("{2150E333-8FDC-42A3-9474-1A3956D46DE8}") = "src", "src", "{06B0AA4A-E815-4045-830F-83F770E7AD22}"
EndProject
Project("{2150E333-8FDC-42A3-9474-1A3956D46DE8}") = "tests", "tests", "{273B1A92-9B49-4A10-921F-7E340B82B4DB}"
EndProject
Project("{F2A71F9B-5D33-465A-A702-920D77279786}") = "Morphir.Cli", "modules\src\Morphir.Cli\Morphir.Cli.fsproj", "{FEEB25C8-73F6-425B-9A0B-B37827892F33}"
EndProject
Project("{2150E333-8FDC-42A3-9474-1A3956D46DE8}") = ".solution", ".solution", "{1DA138AF-9ACA-4B96-8CDF-7FF5643B404A}"
	ProjectSection(SolutionItems) = preProject
		Directory.Packages.props = Directory.Packages.props
		Directory.Build.props = Directory.Build.props
		package.json = package.json
		moon.yml = moon.yml
		Makefile.toml = Makefile.toml
		Cargo.toml = Cargo.toml
	EndProjectSection
EndProject
Global
	GlobalSection(SolutionConfigurationPlatforms) = preSolution
		Debug|Any CPU = Debug|Any CPU
		Release|Any CPU = Release|Any CPU
	EndGlobalSection
	GlobalSection(SolutionProperties) = preSolution
		HideSolutionNode = FALSE
	EndGlobalSection
	GlobalSection(ProjectConfigurationPlatforms) = postSolution
		{A023303A-DEAF-4BAA-97B9-B83F6D06CC3D}.Debug|Any CPU.ActiveCfg = Debug|Any CPU
		{A023303A-DEAF-4BAA-97B9-B83F6D06CC3D}.Debug|Any CPU.Build.0 = Debug|Any CPU
		{A023303A-DEAF-4BAA-97B9-B83F6D06CC3D}.Release|Any CPU.ActiveCfg = Release|Any CPU
		{A023303A-DEAF-4BAA-97B9-B83F6D06CC3D}.Release|Any CPU.Build.0 = Release|Any CPU
		{FEEB25C8-73F6-425B-9A0B-B37827892F33}.Debug|Any CPU.ActiveCfg = Debug|Any CPU
		{FEEB25C8-73F6-425B-9A0B-B37827892F33}.Debug|Any CPU.Build.0 = Debug|Any CPU
		{FEEB25C8-73F6-425B-9A0B-B37827892F33}.Release|Any CPU.ActiveCfg = Release|Any CPU
		{FEEB25C8-73F6-425B-9A0B-B37827892F33}.Release|Any CPU.Build.0 = Release|Any CPU
	EndGlobalSection
	GlobalSection(NestedProjects) = preSolution
		{06B0AA4A-E815-4045-830F-83F770E7AD22} = {29607944-5EE0-4755-81D8-FB5D8AA89CF1}
		{273B1A92-9B49-4A10-921F-7E340B82B4DB} = {29607944-5EE0-4755-81D8-FB5D8AA89CF1}
		{FEEB25C8-73F6-425B-9A0B-B37827892F33} = {06B0AA4A-E815-4045-830F-83F770E7AD22}
	EndGlobalSection
EndGlobal
