
Microsoft Visual Studio Solution File, Format Version 12.00
# Visual Studio Version 17
VisualStudioVersion = 17.0.31903.59
MinimumVisualStudioVersion = 10.0.40219.1
Project("{F2A71F9B-5D33-465A-A702-920D77279786}") = "build", "build\build.fsproj", "{A023303A-DEAF-4BAA-97B9-B83F6D06CC3D}"
EndProject
Project("{2150E333-8FDC-42A3-9474-1A3956D46DE8}") = "modules", "modules", "{29607944-5EE0-4755-81D8-FB5D8AA89CF1}"
EndProject
Project("{2150E333-8FDC-42A3-9474-1A3956D46DE8}") = ".solution", ".solution", "{1DA138AF-9ACA-4B96-8CDF-7FF5643B404A}"
	ProjectSection(SolutionItems) = preProject
		Directory.Packages.props = Directory.Packages.props
		Directory.Build.props = Directory.Build.props
		package.json = package.json
		moon.yml = moon.yml
		Makefile.toml = Makefile.toml
		Cargo.toml = Cargo.toml
	EndProjectSection
EndProject
Project("{2150E333-8FDC-42A3-9474-1A3956D46DE8}") = "apps", "apps", "{A477BCB5-F469-4894-A7C8-9483F9ED2DD4}"
EndProject
Project("{2150E333-8FDC-42A3-9474-1A3956D46DE8}") = "dotnet", "dotnet", "{B6586A89-7247-4673-B040-D9E0E4A7F0E6}"
EndProject
Project("{2150E333-8FDC-42A3-9474-1A3956D46DE8}") = ".config", ".config", "{A0B3FA4F-E612-4C9A-B9BF-8F20694581D8}"
	ProjectSection(SolutionItems) = preProject
		.config\dotnet-tools.json = .config\dotnet-tools.json
	EndProjectSection
EndProject
Project("{2150E333-8FDC-42A3-9474-1A3956D46DE8}") = "dotnet", "dotnet", "{79841847-1158-49D2-9435-3B83849D504E}"
EndProject
Project("{F2A71F9B-5D33-465A-A702-920D77279786}") = "Morphir.Host.FSharp", "modules\dotnet\Morphir.Host.FSharp\Morphir.Host.FSharp.fsproj", "{58BBEF2E-457C-44C6-AA39-30FDBC647A32}"
EndProject
Project("{F2A71F9B-5D33-465A-A702-920D77279786}") = "Morphir.CodeModel.FSharp", "modules\dotnet\Morphir.CodeModel.FSharp\Morphir.CodeModel.FSharp.fsproj", "{1C44FC53-627D-4EA6-BD2D-A296A2447E5A}"
EndProject
Project("{FAE04EC0-301F-11D3-BF4B-00C04F79EFBC}") = "Morphir.Cli", "apps\dotnet\Morphir.Cli\Morphir.Cli.csproj", "{E85EF016-B614-4774-A135-E1DD21F87C1C}"
EndProject
Project("{FAE04EC0-301F-11D3-BF4B-00C04F79EFBC}") = "Morphir.CodeModel", "modules\dotnet\Morphir.CodeModel\Morphir.CodeModel.csproj", "{6BBDBBFA-E159-4B9E-8240-8CBF9D2EAA4B}"
EndProject
Project("{2150E333-8FDC-42A3-9474-1A3956D46DE8}") = "tests", "tests", "{21E6ECF7-B2C8-4BBF-A6BA-BCF174B44F0D}"
EndProject
Project("{FAE04EC0-301F-11D3-BF4B-00C04F79EFBC}") = "Morphir.CodeModel.Tests", "modules\dotnet\tests\Morphir.CodeModel.Tests\Morphir.CodeModel.Tests.csproj", "{971B3562-6B9A-4C6B-BE75-8CE1B9AACBD6}"
EndProject
Global
	GlobalSection(SolutionConfigurationPlatforms) = preSolution
		Debug|Any CPU = Debug|Any CPU
		Release|Any CPU = Release|Any CPU
	EndGlobalSection
	GlobalSection(SolutionProperties) = preSolution
		HideSolutionNode = FALSE
	EndGlobalSection
	GlobalSection(ProjectConfigurationPlatforms) = postSolution
		{A023303A-DEAF-4BAA-97B9-B83F6D06CC3D}.Debug|Any CPU.ActiveCfg = Debug|Any CPU
		{A023303A-DEAF-4BAA-97B9-B83F6D06CC3D}.Debug|Any CPU.Build.0 = Debug|Any CPU
		{A023303A-DEAF-4BAA-97B9-B83F6D06CC3D}.Release|Any CPU.ActiveCfg = Release|Any CPU
		{A023303A-DEAF-4BAA-97B9-B83F6D06CC3D}.Release|Any CPU.Build.0 = Release|Any CPU
		{58BBEF2E-457C-44C6-AA39-30FDBC647A32}.Debug|Any CPU.ActiveCfg = Debug|Any CPU
		{58BBEF2E-457C-44C6-AA39-30FDBC647A32}.Debug|Any CPU.Build.0 = Debug|Any CPU
		{58BBEF2E-457C-44C6-AA39-30FDBC647A32}.Release|Any CPU.ActiveCfg = Release|Any CPU
		{58BBEF2E-457C-44C6-AA39-30FDBC647A32}.Release|Any CPU.Build.0 = Release|Any CPU
		{1C44FC53-627D-4EA6-BD2D-A296A2447E5A}.Debug|Any CPU.ActiveCfg = Debug|Any CPU
		{1C44FC53-627D-4EA6-BD2D-A296A2447E5A}.Debug|Any CPU.Build.0 = Debug|Any CPU
		{1C44FC53-627D-4EA6-BD2D-A296A2447E5A}.Release|Any CPU.ActiveCfg = Release|Any CPU
		{1C44FC53-627D-4EA6-BD2D-A296A2447E5A}.Release|Any CPU.Build.0 = Release|Any CPU
		{E85EF016-B614-4774-A135-E1DD21F87C1C}.Debug|Any CPU.ActiveCfg = Debug|Any CPU
		{E85EF016-B614-4774-A135-E1DD21F87C1C}.Debug|Any CPU.Build.0 = Debug|Any CPU
		{E85EF016-B614-4774-A135-E1DD21F87C1C}.Release|Any CPU.ActiveCfg = Release|Any CPU
		{E85EF016-B614-4774-A135-E1DD21F87C1C}.Release|Any CPU.Build.0 = Release|Any CPU
		{6BBDBBFA-E159-4B9E-8240-8CBF9D2EAA4B}.Debug|Any CPU.ActiveCfg = Debug|Any CPU
		{6BBDBBFA-E159-4B9E-8240-8CBF9D2EAA4B}.Debug|Any CPU.Build.0 = Debug|Any CPU
		{6BBDBBFA-E159-4B9E-8240-8CBF9D2EAA4B}.Release|Any CPU.ActiveCfg = Release|Any CPU
		{6BBDBBFA-E159-4B9E-8240-8CBF9D2EAA4B}.Release|Any CPU.Build.0 = Release|Any CPU
		{971B3562-6B9A-4C6B-BE75-8CE1B9AACBD6}.Debug|Any CPU.ActiveCfg = Debug|Any CPU
		{971B3562-6B9A-4C6B-BE75-8CE1B9AACBD6}.Debug|Any CPU.Build.0 = Debug|Any CPU
		{971B3562-6B9A-4C6B-BE75-8CE1B9AACBD6}.Release|Any CPU.ActiveCfg = Release|Any CPU
		{971B3562-6B9A-4C6B-BE75-8CE1B9AACBD6}.Release|Any CPU.Build.0 = Release|Any CPU
	EndGlobalSection
	GlobalSection(NestedProjects) = preSolution
		{B6586A89-7247-4673-B040-D9E0E4A7F0E6} = {A477BCB5-F469-4894-A7C8-9483F9ED2DD4}
		{79841847-1158-49D2-9435-3B83849D504E} = {29607944-5EE0-4755-81D8-FB5D8AA89CF1}
		{58BBEF2E-457C-44C6-AA39-30FDBC647A32} = {79841847-1158-49D2-9435-3B83849D504E}
		{1C44FC53-627D-4EA6-BD2D-A296A2447E5A} = {79841847-1158-49D2-9435-3B83849D504E}
		{E85EF016-B614-4774-A135-E1DD21F87C1C} = {B6586A89-7247-4673-B040-D9E0E4A7F0E6}
		{6BBDBBFA-E159-4B9E-8240-8CBF9D2EAA4B} = {79841847-1158-49D2-9435-3B83849D504E}
		{21E6ECF7-B2C8-4BBF-A6BA-BCF174B44F0D} = {79841847-1158-49D2-9435-3B83849D504E}
		{971B3562-6B9A-4C6B-BE75-8CE1B9AACBD6} = {21E6ECF7-B2C8-4BBF-A6BA-BCF174B44F0D}
	EndGlobalSection
EndGlobal
