{
  "version": 2,
  "dependencies": {
    "net8.0": {
      "Dumpify": {
        "type": "Direct",
        "requested": "[0.6.6, )",
        "resolved": "0.6.6",
        "contentHash": "KDPmd681ltvJKRWRfbc7WLzOztYV8BXBSwoDaZVLlaq9Y45X3sZeh8FDF2MyfTErcKVp4fPEWyDiKyizInCptg==",
        "dependencies": {
          "Spectre.Console": "0.48.0"
        }
      },
      "Extism.runtime.all": {
        "type": "Direct",
        "requested": "[1.2.0, )",
        "resolved": "1.2.0",
        "contentHash": "/Ok+Hb669kR/9Y3VzM7T1KraigbYANDNE8JfV29W1aJszWzA1kCl3s6lobQw1HcIj8wLD9y6hSvIdGKwoUYU1w==",
        "dependencies": {
          "Extism.runtime.linux-arm64": "1.2.0",
          "Extism.runtime.linux-musl-arm64": "1.2.0",
          "Extism.runtime.linux-x64": "1.2.0",
          "Extism.runtime.osx-arm64": "1.2.0",
          "Extism.runtime.osx-x64": "1.2.0",
          "Extism.runtime.win-x64": "1.2.0"
        }
      },
      "Extism.Sdk": {
        "type": "Direct",
        "requested": "[1.2.0, )",
        "resolved": "1.2.0",
        "contentHash": "GcZXlBoqDDcXhjoWhRGXzumNbmT5dnJpCqB8SjPMkUXMZtZlvo6NQjAnA19bqWPZej44rEcQNKCmc8zuMf1ksQ==",
        "dependencies": {
          "System.Runtime.CompilerServices.Unsafe": "6.0.0",
          "System.Text.Json": "8.0.2"
        }
      },
      "Extism.runtime.linux-arm64": {
        "type": "Transitive",
        "resolved": "1.2.0",
        "contentHash": "oCh1Qx3/pp0mrS0Sa1uLFIqwlYlDNzn9AVrwIKZGpapluCq1MgBQm92IkhjQFLWdlv2BQzGfvbv3pmBspOtMkA=="
      },
      "Extism.runtime.linux-musl-arm64": {
        "type": "Transitive",
        "resolved": "1.2.0",
        "contentHash": "BqWiR4A45Esi6ufLiTKI5LWiZA7ZaWRm2xrl7t/ajlTCrQ3wHmiQ/oLe+u7MMZkRPsroNL9VnZ0Vk7nYphTc8A=="
      },
      "Extism.runtime.linux-x64": {
        "type": "Transitive",
        "resolved": "1.2.0",
        "contentHash": "+452STns9MdrJ+296qCvegyshRkbFm/CnQf9cP9/n1A1kgMi2SppraxCfe53X8iaatRsWs0zDCrJxroTW/v/xg=="
      },
      "Extism.runtime.osx-arm64": {
        "type": "Transitive",
        "resolved": "1.2.0",
        "contentHash": "IFBGM3lVSdv3ld7dpo2zwALBDJA9UmzXEXnlKJl4GqaH7vWYYbbqAlhBlL+7ht4eC6tT6z/f19g/UnIjfrzdag=="
      },
      "Extism.runtime.osx-x64": {
        "type": "Transitive",
        "resolved": "1.2.0",
        "contentHash": "/IkyuI4Vysw9oNIFKFbUBS3qfzJNPCtNKgEwaaWGAqUFLBR5PmH7oB6FouxzBx0x+DOmvIaSoel2rITSeSL7ew=="
      },
      "Extism.runtime.win-x64": {
        "type": "Transitive",
        "resolved": "1.2.0",
        "contentHash": "encth+TyD5DCBPISnXogbbaXDyx8mWjaDmJl8U5P7fabg2sKa23Y6PV1BJxz2RnUtk50zv7wjIfJuOOYOnjJUw=="
      },
      "System.Runtime.CompilerServices.Unsafe": {
        "type": "Transitive",
        "resolved": "6.0.0",
        "contentHash": "/iUeP3tq1S0XdNNoMz5C9twLSrM/TH+qElHkXWaPvuNOt+99G75NrV0OS2EqHx5wMN7popYjpc8oTjC1y16DLg=="
      },
      "System.Text.Encodings.Web": {
        "type": "Transitive",
        "resolved": "8.0.0",
        "contentHash": "yev/k9GHAEGx2Rg3/tU6MQh4HGBXJs70y7j1LaM1i/ER9po+6nnQ6RRqTJn1E7Xu0fbIFK80Nh5EoODxrbxwBQ=="
      },
      "System.Text.Json": {
        "type": "Transitive",
        "resolved": "8.0.2",
        "contentHash": "29KA2StjWDYp32FvREifawRtNpTziLE1xyuDV9pVQ+MsaE9bIcIieP0io/eZZeLMxR+Nx9zI55RtUtpVpEIdeg==",
        "dependencies": {
          "System.Text.Encodings.Web": "8.0.0"
        }
      },
      "morphir.codemodel.fsharp": {
        "type": "Project"
      },
      "Spectre.Console": {
        "type": "CentralTransitive",
        "requested": "[0.49.1, )",
        "resolved": "0.49.1",
        "contentHash": "USV+pdu49OJ3nCjxNuw1K9Zw/c1HCBbwbjXZp0EOn6wM99tFdAtN34KEBZUMyRuJuXlUMDqhd8Yq9obW2MslYA=="
      }
    }
  }
}