
Microsoft Visual Studio Solution File, Format Version 12.00
# Visual Studio Version 17
VisualStudioVersion = 17.0.31903.59
MinimumVisualStudioVersion = 10.0.40219.1
Project("{2150E333-8FDC-42A3-9474-1A3956D46DE8}") = ".solution", ".solution", "{2DA14A94-D2C8-4474-A87D-FC384C0C40A7}"
	ProjectSection(SolutionItems) = preProject
		Directory.Packages.props = Directory.Packages.props
		Directory.Build.props = Directory.Build.props
		moon.yml = moon.yml
	EndProjectSection
EndProject
Project("{2150E333-8FDC-42A3-9474-1A3956D46DE8}") = "src", "src", "{279EB2E8-1462-453A-A86A-C33B2CE3CE9D}"
EndProject
Project("{2150E333-8FDC-42A3-9474-1A3956D46DE8}") = "tests", "tests", "{DD3E9FA3-B118-4EBD-9FCA-9EC21E3124E4}"
EndProject
Project("{2150E333-8FDC-42A3-9474-1A3956D46DE8}") = "hosts", "hosts", "{7BBF3D43-A24F-460B-8311-3A03D9E0DFC8}"
EndProject
Project("{F2A71F9B-5D33-465A-A702-920D77279786}") = "Morphir.CodeModel", "src\Morphir.CodeModel\Morphir.CodeModel.fsproj", "{746DAF25-6F6F-4A99-AE56-435ADF5D0B14}"
EndProject
Project("{F2A71F9B-5D33-465A-A702-920D77279786}") = "Morphir.SDK", "src\Morphir.SDK\Morphir.SDK.fsproj", "{3A59DF41-EDBE-4B75-A21E-0D9BF87A7E6D}"
EndProject
Project("{F2A71F9B-5D33-465A-A702-920D77279786}") = "Morphir.Hosting", "src\host\Morphir.Hosting\Morphir.Hosting.fsproj", "{8463D417-5DC3-411C-ABB7-8B5D1460AD25}"
EndProject
Project("{F2A71F9B-5D33-465A-A702-920D77279786}") = "Morphir.CodeModel.Tests", "tests\Morphir.CodeModel.Tests\Morphir.CodeModel.Tests.fsproj", "{707B3E40-C559-4749-867B-ED590D6CB0F1}"
EndProject
Project("{F2A71F9B-5D33-465A-A702-920D77279786}") = "Morphir.Client", "src\Morphir.Client\Morphir.Client.fsproj", "{A20A1EE1-D9F8-415F-A535-C31C35576C69}"
EndProject
Project("{2150E333-8FDC-42A3-9474-1A3956D46DE8}") = "extensions", "extensions", "{913E89DF-C9DA-4E1F-B2B0-8F09514AB6C6}"
	ProjectSection(SolutionItems) = preProject
	EndProjectSection
EndProject
Project("{F2A71F9B-5D33-465A-A702-920D77279786}") = "Morphir.Runtime.Extension", "src\extensions\Morphir.Runtime.Extension\Morphir.Runtime.Extension.fsproj", "{BCE3AF77-874E-4175-85DF-DA27DBF89E24}"
EndProject
Project("{F2A71F9B-5D33-465A-A702-920D77279786}") = "Morphir.Live.Client", "src\Morphir.Live.Client\Morphir.Live.Client.fsproj", "{B63E6633-1071-4856-9404-0DC6F069492E}"
EndProject
Project("{F2A71F9B-5D33-465A-A702-920D77279786}") = "Morphir.Live", "src\Morphir.Live\Morphir.Live.fsproj", "{4E1BF3D3-B9BD-4915-A7DD-8695518AA56E}"
EndProject
Project("{F2A71F9B-5D33-465A-A702-920D77279786}") = "Morphir.DevServer", "src\Morphir.DevServer\Morphir.DevServer.fsproj", "{C93D1207-D0F4-4ED9-B450-A872AC9A9DE2}"
EndProject
Project("{F2A71F9B-5D33-465A-A702-920D77279786}") = "Morphir", "src\Morphir\Morphir.fsproj", "{DE0206D1-58F6-4174-9B09-F2FAC52A4EFA}"
EndProject
Project("{F2A71F9B-5D33-465A-A702-920D77279786}") = "Morphir.Explorer", "src\Morphir.Explorer\Morphir.Explorer.fsproj", "{4BA32C04-2C36-4A8E-8136-6DDD4923CF34}"
EndProject
Project("{F2A71F9B-5D33-465A-A702-920D77279786}") = "Morphir.SDK.Core", "src\Morphir.SDK.Core\Morphir.SDK.Core.fsproj", "{ADDC1069-EC39-46EC-B49F-56CADDBB553B}"
EndProject
Project("{F2A71F9B-5D33-465A-A702-920D77279786}") = "Morphir.SDK.Core.Tests", "tests\Morphir.SDK.Core.Tests\Morphir.SDK.Core.Tests.fsproj", "{FEE25C7C-494D-428A-98C2-E9E10D672DF8}"
EndProject
Project("{F2A71F9B-5D33-465A-A702-920D77279786}") = "Morphir.SDK.Testing", "src\Morphir.SDK.Testing\Morphir.SDK.Testing.fsproj", "{954141FE-9875-4B17-90B8-3ACE2D1A7459}"
EndProject
Global
	GlobalSection(SolutionConfigurationPlatforms) = preSolution
		Debug|Any CPU = Debug|Any CPU
		Release|Any CPU = Release|Any CPU
	EndGlobalSection
	GlobalSection(SolutionProperties) = preSolution
		HideSolutionNode = FALSE
	EndGlobalSection
	GlobalSection(NestedProjects) = preSolution
		{913E89DF-C9DA-4E1F-B2B0-8F09514AB6C6} = {279EB2E8-1462-453A-A86A-C33B2CE3CE9D}
		{7BBF3D43-A24F-460B-8311-3A03D9E0DFC8} = {279EB2E8-1462-453A-A86A-C33B2CE3CE9D}
		{746DAF25-6F6F-4A99-AE56-435ADF5D0B14} = {279EB2E8-1462-453A-A86A-C33B2CE3CE9D}
		{3A59DF41-EDBE-4B75-A21E-0D9BF87A7E6D} = {279EB2E8-1462-453A-A86A-C33B2CE3CE9D}
		{8463D417-5DC3-411C-ABB7-8B5D1460AD25} = {7BBF3D43-A24F-460B-8311-3A03D9E0DFC8}
		{707B3E40-C559-4749-867B-ED590D6CB0F1} = {DD3E9FA3-B118-4EBD-9FCA-9EC21E3124E4}
		{A20A1EE1-D9F8-415F-A535-C31C35576C69} = {279EB2E8-1462-453A-A86A-C33B2CE3CE9D}
		{BCE3AF77-874E-4175-85DF-DA27DBF89E24} = {913E89DF-C9DA-4E1F-B2B0-8F09514AB6C6}
		{B63E6633-1071-4856-9404-0DC6F069492E} = {279EB2E8-1462-453A-A86A-C33B2CE3CE9D}
		{4E1BF3D3-B9BD-4915-A7DD-8695518AA56E} = {279EB2E8-1462-453A-A86A-C33B2CE3CE9D}
		{C93D1207-D0F4-4ED9-B450-A872AC9A9DE2} = {279EB2E8-1462-453A-A86A-C33B2CE3CE9D}
		{DE0206D1-58F6-4174-9B09-F2FAC52A4EFA} = {279EB2E8-1462-453A-A86A-C33B2CE3CE9D}
		{4BA32C04-2C36-4A8E-8136-6DDD4923CF34} = {279EB2E8-1462-453A-A86A-C33B2CE3CE9D}
		{ADDC1069-EC39-46EC-B49F-56CADDBB553B} = {279EB2E8-1462-453A-A86A-C33B2CE3CE9D}
		{FEE25C7C-494D-428A-98C2-E9E10D672DF8} = {DD3E9FA3-B118-4EBD-9FCA-9EC21E3124E4}
		{954141FE-9875-4B17-90B8-3ACE2D1A7459} = {279EB2E8-1462-453A-A86A-C33B2CE3CE9D}
	EndGlobalSection
	GlobalSection(ProjectConfigurationPlatforms) = postSolution
		{746DAF25-6F6F-4A99-AE56-435ADF5D0B14}.Debug|Any CPU.ActiveCfg = Debug|Any CPU
		{746DAF25-6F6F-4A99-AE56-435ADF5D0B14}.Debug|Any CPU.Build.0 = Debug|Any CPU
		{746DAF25-6F6F-4A99-AE56-435ADF5D0B14}.Release|Any CPU.ActiveCfg = Release|Any CPU
		{746DAF25-6F6F-4A99-AE56-435ADF5D0B14}.Release|Any CPU.Build.0 = Release|Any CPU
		{3A59DF41-EDBE-4B75-A21E-0D9BF87A7E6D}.Debug|Any CPU.ActiveCfg = Debug|Any CPU
		{3A59DF41-EDBE-4B75-A21E-0D9BF87A7E6D}.Debug|Any CPU.Build.0 = Debug|Any CPU
		{3A59DF41-EDBE-4B75-A21E-0D9BF87A7E6D}.Release|Any CPU.ActiveCfg = Release|Any CPU
		{3A59DF41-EDBE-4B75-A21E-0D9BF87A7E6D}.Release|Any CPU.Build.0 = Release|Any CPU
		{8463D417-5DC3-411C-ABB7-8B5D1460AD25}.Debug|Any CPU.ActiveCfg = Debug|Any CPU
		{8463D417-5DC3-411C-ABB7-8B5D1460AD25}.Debug|Any CPU.Build.0 = Debug|Any CPU
		{8463D417-5DC3-411C-ABB7-8B5D1460AD25}.Release|Any CPU.ActiveCfg = Release|Any CPU
		{8463D417-5DC3-411C-ABB7-8B5D1460AD25}.Release|Any CPU.Build.0 = Release|Any CPU
		{707B3E40-C559-4749-867B-ED590D6CB0F1}.Debug|Any CPU.ActiveCfg = Debug|Any CPU
		{707B3E40-C559-4749-867B-ED590D6CB0F1}.Debug|Any CPU.Build.0 = Debug|Any CPU
		{707B3E40-C559-4749-867B-ED590D6CB0F1}.Release|Any CPU.ActiveCfg = Release|Any CPU
		{707B3E40-C559-4749-867B-ED590D6CB0F1}.Release|Any CPU.Build.0 = Release|Any CPU
		{A20A1EE1-D9F8-415F-A535-C31C35576C69}.Debug|Any CPU.ActiveCfg = Debug|Any CPU
		{A20A1EE1-D9F8-415F-A535-C31C35576C69}.Debug|Any CPU.Build.0 = Debug|Any CPU
		{A20A1EE1-D9F8-415F-A535-C31C35576C69}.Release|Any CPU.ActiveCfg = Release|Any CPU
		{A20A1EE1-D9F8-415F-A535-C31C35576C69}.Release|Any CPU.Build.0 = Release|Any CPU
		{BCE3AF77-874E-4175-85DF-DA27DBF89E24}.Debug|Any CPU.ActiveCfg = Debug|Any CPU
		{BCE3AF77-874E-4175-85DF-DA27DBF89E24}.Debug|Any CPU.Build.0 = Debug|Any CPU
		{BCE3AF77-874E-4175-85DF-DA27DBF89E24}.Release|Any CPU.ActiveCfg = Release|Any CPU
		{BCE3AF77-874E-4175-85DF-DA27DBF89E24}.Release|Any CPU.Build.0 = Release|Any CPU
		{B63E6633-1071-4856-9404-0DC6F069492E}.Debug|Any CPU.ActiveCfg = Debug|Any CPU
		{B63E6633-1071-4856-9404-0DC6F069492E}.Debug|Any CPU.Build.0 = Debug|Any CPU
		{B63E6633-1071-4856-9404-0DC6F069492E}.Release|Any CPU.ActiveCfg = Release|Any CPU
		{B63E6633-1071-4856-9404-0DC6F069492E}.Release|Any CPU.Build.0 = Release|Any CPU
		{4E1BF3D3-B9BD-4915-A7DD-8695518AA56E}.Debug|Any CPU.ActiveCfg = Debug|Any CPU
		{4E1BF3D3-B9BD-4915-A7DD-8695518AA56E}.Debug|Any CPU.Build.0 = Debug|Any CPU
		{4E1BF3D3-B9BD-4915-A7DD-8695518AA56E}.Release|Any CPU.ActiveCfg = Release|Any CPU
		{4E1BF3D3-B9BD-4915-A7DD-8695518AA56E}.Release|Any CPU.Build.0 = Release|Any CPU
		{C93D1207-D0F4-4ED9-B450-A872AC9A9DE2}.Debug|Any CPU.ActiveCfg = Debug|Any CPU
		{C93D1207-D0F4-4ED9-B450-A872AC9A9DE2}.Debug|Any CPU.Build.0 = Debug|Any CPU
		{C93D1207-D0F4-4ED9-B450-A872AC9A9DE2}.Release|Any CPU.ActiveCfg = Release|Any CPU
		{C93D1207-D0F4-4ED9-B450-A872AC9A9DE2}.Release|Any CPU.Build.0 = Release|Any CPU
		{DE0206D1-58F6-4174-9B09-F2FAC52A4EFA}.Debug|Any CPU.ActiveCfg = Debug|Any CPU
		{DE0206D1-58F6-4174-9B09-F2FAC52A4EFA}.Debug|Any CPU.Build.0 = Debug|Any CPU
		{DE0206D1-58F6-4174-9B09-F2FAC52A4EFA}.Release|Any CPU.ActiveCfg = Release|Any CPU
		{DE0206D1-58F6-4174-9B09-F2FAC52A4EFA}.Release|Any CPU.Build.0 = Release|Any CPU
		{4BA32C04-2C36-4A8E-8136-6DDD4923CF34}.Debug|Any CPU.ActiveCfg = Debug|Any CPU
		{4BA32C04-2C36-4A8E-8136-6DDD4923CF34}.Debug|Any CPU.Build.0 = Debug|Any CPU
		{4BA32C04-2C36-4A8E-8136-6DDD4923CF34}.Release|Any CPU.ActiveCfg = Release|Any CPU
		{4BA32C04-2C36-4A8E-8136-6DDD4923CF34}.Release|Any CPU.Build.0 = Release|Any CPU
		{ADDC1069-EC39-46EC-B49F-56CADDBB553B}.Debug|Any CPU.ActiveCfg = Debug|Any CPU
		{ADDC1069-EC39-46EC-B49F-56CADDBB553B}.Debug|Any CPU.Build.0 = Debug|Any CPU
		{ADDC1069-EC39-46EC-B49F-56CADDBB553B}.Release|Any CPU.ActiveCfg = Release|Any CPU
		{ADDC1069-EC39-46EC-B49F-56CADDBB553B}.Release|Any CPU.Build.0 = Release|Any CPU
		{FEE25C7C-494D-428A-98C2-E9E10D672DF8}.Debug|Any CPU.ActiveCfg = Debug|Any CPU
		{FEE25C7C-494D-428A-98C2-E9E10D672DF8}.Debug|Any CPU.Build.0 = Debug|Any CPU
		{FEE25C7C-494D-428A-98C2-E9E10D672DF8}.Release|Any CPU.ActiveCfg = Release|Any CPU
		{FEE25C7C-494D-428A-98C2-E9E10D672DF8}.Release|Any CPU.Build.0 = Release|Any CPU
		{954141FE-9875-4B17-90B8-3ACE2D1A7459}.Debug|Any CPU.ActiveCfg = Debug|Any CPU
		{954141FE-9875-4B17-90B8-3ACE2D1A7459}.Debug|Any CPU.Build.0 = Debug|Any CPU
		{954141FE-9875-4B17-90B8-3ACE2D1A7459}.Release|Any CPU.ActiveCfg = Release|Any CPU
		{954141FE-9875-4B17-90B8-3ACE2D1A7459}.Release|Any CPU.Build.0 = Release|Any CPU
	EndGlobalSection
EndGlobal
