github.com/davecgh/go-spew v1.1.1 h1:vj9j/u1bqnvCEfJOwUhtlOARqs3+rkHYY13jYWTU97c=
github.com/finos/morphir/pkg/models v0.4.0-alpha.2 h1:HMwwF5ceueN7pnVuqZjiqwnkyyimzAjwxhVNokJ44cY=
github.com/finos/morphir/pkg/models v0.4.0-alpha.3 h1:JhQQhKjU/BYX5QEy8F/QyvR2jLEhSmXbOYNM37xFVTU=
github.com/finos/morphir/pkg/models v0.4.0-alpha.3/go.mod h1:oBNh9BY20lb98AokG9K4HEHbrhvfTW8awNShzi4ttqs=
github.com/pmezard/go-difflib v1.0.0 h1:4DBwDE0NGyQoBHbLQYPwSUPoCMWR5BEzIk/f1lZbAQM=
github.com/stretchr/testify v1.11.1 h1:7s2iGBzp5EwR7/aIZr8ao5+dra3wiQyKjjFuvgVKu7U=
github.com/stretchr/testify v1.11.1/go.mod h1:wZwfW3scLgRK+23gO65QZefKpKQRnfz6sD981Nm4B6U=
gopkg.in/yaml.v3 v3.0.1 h1:fxVm/GzAzEWqLHuvctI91KS9hhNmmWOoWu0XTYJS7CA=
