{
  "version": 2,
  "dependencies": {
    "net8.0": {
      "Microsoft.DotNet.ILCompiler": {
        "type": "Direct",
        "requested": "[8.0.4, )",
        "resolved": "8.0.4",
        "contentHash": "bVK6XD5E/BpkPmdrx99ZkloZZX3nOvTAcW+W6jW4cs8elWlLFAc9BXHk2esxSVHMiaCLiLdIJAyhUfhV50TW+Q=="
      },
      "Microsoft.NET.ILLink.Tasks": {
        "type": "Direct",
        "requested": "[8.0.4, )",
        "resolved": "8.0.4",
        "contentHash": "PZb5nfQ+U19nhnmnR9T1jw+LTmozhuG2eeuzuW5A7DqxD/UXW2ucjmNJqnqOuh8rdPzM3MQXoF8AfFCedJdCUw=="
      },
      "Ookii.CommandLine": {
        "type": "Direct",
        "requested": "[4.1.0, )",
        "resolved": "4.1.0",
        "contentHash": "OMlpVyUglVSYIotnoztuXHONH6bU4IE2n40jFTub0hoHZASBQnqoE2oBAqfHp5Yp95QS+cx4PDpMtmTxtyIhzg=="
      }
    }
  }
}