{
  "version": 2,
  "dependencies": {
    "net8.0": {
      "Microsoft.DotNet.ILCompiler": {
        "type": "Direct",
        "requested": "[8.0.7, )",
        "resolved": "8.0.7",
        "contentHash": "5Vkl5384rfKZmK7rVm8pjuMk2Cweaqd+rPwL86bddhInHdBg3ClO9H0cqwd7kXf+F8/aXuZxKAnl6izzaWkfUw=="
      },
      "Microsoft.NET.ILLink.Tasks": {
        "type": "Direct",
        "requested": "[8.0.7, )",
        "resolved": "8.0.7",
        "contentHash": "iI52ptEKby2ymQ6B7h4TWbFmm85T4VvLgc/HvS45Yr3lgi4IIFbQtjON3bQbX/Vc94jXNSLvrDOp5Kh7SJyFYQ=="
      },
      "Ookii.CommandLine": {
        "type": "Direct",
        "requested": "[4.1.0, )",
        "resolved": "4.1.0",
        "contentHash": "OMlpVyUglVSYIotnoztuXHONH6bU4IE2n40jFTub0hoHZASBQnqoE2oBAqfHp5Yp95QS+cx4PDpMtmTxtyIhzg=="
      }
    }
  }
}